
Microsoft Visual Studio Solution File, Format Version 12.00
# Visual Studio Version 17
VisualStudioVersion = 17.5.33627.172
MinimumVisualStudioVersion = 10.0.40219.1
Project("{8BC9CEB8-8B4A-11D0-8D11-00A0C91BC942}") = "enter", "enter\enter.vcxproj", "{B455A0B6-55DD-45A0-A5D5-0589EC734732}"
EndProject
Project("{8BC9CEB8-8B4A-11D0-8D11-00A0C91BC942}") = "env_var", "env_var\env_var.vcxproj", "{A84AB932-D3FD-45E8-80F4-FF77BCC2372B}"
EndProject
Project("{8BC9CEB8-8B4A-11D0-8D11-00A0C91BC942}") = "find-constant", "find-constant\find-constant.vcxproj", "{77D6BF84-EF29-4188-A187-38312218B877}"
EndProject
Project("{8BC9CEB8-8B4A-11D0-8D11-00A0C91BC942}") = "jit-branch", "jit-branch\jit-branch.vcxproj", "{9B72212B-5219-445A-970F-505C59F47571}"
EndProject
Project("{8BC9CEB8-8B4A-11D0-8D11-00A0C91BC942}") = "jit-lib", "jit-lib\jit-lib.vcxproj", "{3A2D2695-7A89-4B4D-BCC1-D2F6125DD19F}"
EndProject
Project("{8BC9CEB8-8B4A-11D0-8D11-00A0C91BC942}") = "mapname", "mapname\mapname.vcxproj", "{39F6F343-D554-4B25-9ABB-3C5514E343FC}"
EndProject
Project("{8BC9CEB8-8B4A-11D0-8D11-00A0C91BC942}") = "nx", "nx\nx.vcxproj", "{80D22D4F-A72A-47D7-AD6D-AEC86ECFF185}"
EndProject
Project("{8BC9CEB8-8B4A-11D0-8D11-00A0C91BC942}") = "pageperm", "pageperm\pageperm.vcxproj", "{5F0B79BB-CE1B-46A2-94F2-3A22565D02E8}"
EndProject
Project("{8BC9CEB8-8B4A-11D0-8D11-00A0C91BC942}") = "fxsave", "fxsave\fxsave.vcxproj", "{B5E7F615-60BA-4918-9467-D7AE8F58FBC2}"
EndProject
Project("{8BC9CEB8-8B4A-11D0-8D11-00A0C91BC942}") = "eipsiginfo", "eipsiginfo\eipsiginfo.vcxproj", "{F804EC88-6491-455A-B65D-0B11DFA07722}"
EndProject
Project("{8BC9CEB8-8B4A-11D0-8D11-00A0C91BC942}") = "SMC", "SMC\SMC.vcxproj", "{683BCAD3-BD98-422B-BE28-60E5F7754669}"
EndProject
Project("{8BC9CEB8-8B4A-11D0-8D11-00A0C91BC942}") = "vmleave", "vmleave\vmleave.vcxproj", "{4E172F5C-29A3-4513-A17A-18CC5A36B5FF}"
EndProject
Project("{8BC9CEB8-8B4A-11D0-8D11-00A0C91BC942}") = "ProcessHirarchy", "ProcessHirarchy\ProcessHirarchy.vcxproj", "{6CEE2838-D6F5-4BEB-BE9E-5F4C9A3C2C98}"
EndProject
Project("{8BC9CEB8-8B4A-11D0-8D11-00A0C91BC942}") = "cmdlnargs", "cmdlnargs\cmdlnargs.vcxproj", "{8CBDA801-A22E-47B5-9DC2-4CB567BB733A}"
EndProject
Project("{8BC9CEB8-8B4A-11D0-8D11-00A0C91BC942}") = "ProcessHandles", "ProcessHandles\ProcessHandles.vcxproj", "{9FB614B0-E539-4CF1-BB8F-4D5660BAAB43}"
EndProject
Project("{8BC9CEB8-8B4A-11D0-8D11-00A0C91BC942}") = "LibraryHooks", "LibraryHooks\LibraryHooks.vcxproj", "{21ADF96C-D75C-4735-BFE6-5ECF539C33E0}"
EndProject
Project("{8BC9CEB8-8B4A-11D0-8D11-00A0C91BC942}") = "HeapStack", "HeapStack\HeapStack.vcxproj", "{B68E7067-C9FD-48B7-B723-18B793AAC220}"
EndProject
Project("{8BC9CEB8-8B4A-11D0-8D11-00A0C91BC942}") = "MemExhaus", "MemExhaus\MemExhaus.vcxproj", "{249C1160-86AB-453F-A032-C291829D6D42}"
EndProject
Project("{8BC9CEB8-8B4A-11D0-8D11-00A0C91BC942}") = "Xmode", "Xmode\Xmode.vcxproj", "{7C6BD0D6-B851-447C-A5F6-FF55FF5F65FD}"
EndProject
Project("{8BC9CEB8-8B4A-11D0-8D11-00A0C91BC942}") = "TLSPresence", "TLSPresence\TLSPresence.vcxproj", "{8636C509-E1EA-4282-B903-8DF584B38B99}"
EndProject
Project("{8BC9CEB8-8B4A-11D0-8D11-00A0C91BC942}") = "APIMonitor", "APIMonitor\APIMonitor.vcxproj", "{87214D25-6916-44F1-B0D1-C130604E0C32}"
EndProject
Project("{8BC9CEB8-8B4A-11D0-8D11-00A0C91BC942}") = "StallingCode", "StallingCode\StallingCode.vcxproj", "{6A0FF343-D1EF-4643-8AA8-209AB61E7CC9}"
EndProject
Project("{8BC9CEB8-8B4A-11D0-8D11-00A0C91BC942}") = "peak_mem_usage", "peak_mem_usage\peak_mem_usage.vcxproj", "{BC073EC7-D809-4E36-B7DE-51FA8889F605}"
EndProject
Project("{8BC9CEB8-8B4A-11D0-8D11-00A0C91BC942}") = "escape_dbi", "escape_dbi\escape_dbi.vcxproj", "{9B9979CD-A758-4FB6-AB43-D357BBA4D8FA}"
EndProject
Project("{8BC9CEB8-8B4A-11D0-8D11-00A0C91BC942}") = "exception_monitor", "exception_monitor\exception_monitor.vcxproj", "{C55BDF23-C2B6-43EA-A72A-84291A117C81}"
EndProject
Project("{8BC9CEB8-8B4A-11D0-8D11-00A0C91BC942}") = "ThreadCreation", "ThreadCreation\ThreadCreation.vcxproj", "{15F7B809-C5BD-4B73-A2CD-1EC4E3C02834}"
EndProject
Project("{8BC9CEB8-8B4A-11D0-8D11-00A0C91BC942}") = "StackTrace", "StackTrace\StackTrace.vcxproj", "{D1F80E24-6806-40E5-BB52-D34551EF0B10}"
EndProject
Project("{8BC9CEB8-8B4A-11D0-8D11-00A0C91BC942}") = "ThreadContext", "ThreadContext\ThreadContext.vcxproj", "{6C1F4DA0-F81A-4F64-92B5-05AB6146B786}"
EndProject
Project("{8BC9CEB8-8B4A-11D0-8D11-00A0C91BC942}") = "UnhandledInstrs", "UnhandledInstrs\UnhandledInstrs.vcxproj", "{5D6FAC61-A718-43D5-8635-1AFAF54EB459}"
EndProject
Project("{8BC9CEB8-8B4A-11D0-8D11-00A0C91BC942}") = "AdditionalThreads", "AdditionalThreads\AdditionalThreads.vcxproj", "{49FCCCD8-E179-4D1B-811E-525E3BAD73B0}"
EndProject
Project("{8BC9CEB8-8B4A-11D0-8D11-00A0C91BC942}") = "AdditionalStacks", "AdditionalStacks\AdditionalStacks.vcxproj", "{220F87F9-B008-47AF-920E-131797A03E47}"
EndProject
Project("{8BC9CEB8-8B4A-11D0-8D11-00A0C91BC942}") = "FreeUnknown", "FreeUnknown\FreeUnknown.vcxproj", "{96B8485E-B255-466F-8AA5-33C4A663BBF5}"
EndProject
Project("{8BC9CEB8-8B4A-11D0-8D11-00A0C91BC942}") = "unhook", "unhook\unhook.vcxproj", "{1A0FF35C-B485-4561-9C84-C28FB5AD3534}"
EndProject
Project("{8BC9CEB8-8B4A-11D0-8D11-00A0C91BC942}") = "Feedback-based", "Feedback-based\Feedback-based.vcxproj", "{14FC5D06-AF95-41D7-AD19-F7F06DD4FEEC}"
EndProject
Project("{8BC9CEB8-8B4A-11D0-8D11-00A0C91BC942}") = "Evasion", "Evasion\Evasion.vcxproj", "{73AB6948-4890-46E7-894D-DC925CBFB0B5}"
EndProject
Project("{8BC9CEB8-8B4A-11D0-8D11-00A0C91BC942}") = "Thread-Increase-DBICache", "Thread-Increase-DBICache\Thread-Increase-DBICache.vcxproj", "{AFF3316F-46F4-46C6-914C-E4563F17A521}"
EndProject
Project("{8BC9CEB8-8B4A-11D0-8D11-00A0C91BC942}") = "Detector", "Detector\Detector.vcxproj", "{1C629CA1-1E35-470F-B6C1-1D157BC0852B}"
EndProject
Project("{8BC9CEB8-8B4A-11D0-8D11-00A0C91BC942}") = "VB2014_ExecuteData1", "VB2014_ExecuteData1\VB2014_ExecuteData1.vcxproj", "{8760102A-4597-4B28-AF7A-EA9042AA7C06}"
EndProject
Project("{8BC9CEB8-8B4A-11D0-8D11-00A0C91BC942}") = "VB2014_ExecuteData2", "VB2014_ExecuteData2\VB2014_ExecuteData2.vcxproj", "{D27C7193-A557-4C2E-9567-6D920898927B}"
EndProject
Project("{8BC9CEB8-8B4A-11D0-8D11-00A0C91BC942}") = "VB2014_ExecuteUnmap1", "VB2014_ExecuteUnmap1\VB2014_ExecuteUnmap1.vcxproj", "{85A8C74F-9831-48E8-81C2-8D521980B012}"
EndProject
Project("{8BC9CEB8-8B4A-11D0-8D11-00A0C91BC942}") = "VB2014_ExecuteUnmap2", "VB2014_ExecuteUnmap2\VB2014_ExecuteUnmap2.vcxproj", "{AEB4A04A-263A-4FA8-A800-580F8AE9835D}"
EndProject
Project("{8BC9CEB8-8B4A-11D0-8D11-00A0C91BC942}") = "VB2014_ExecuteUnmap3", "VB2014_ExecuteUnmap3\VB2014_ExecuteUnmap3.vcxproj", "{A205F8B6-109F-4E5F-8AC4-0C237DD25E57}"
EndProject
Project("{8BC9CEB8-8B4A-11D0-8D11-00A0C91BC942}") = "VB2014_ExecuteUnmap4", "VB2014_ExecuteUnmap4\VB2014_ExecuteUnmap4.vcxproj", "{8F9086E9-07F5-41BD-9925-F0042629CD58}"
EndProject
Project("{8BC9CEB8-8B4A-11D0-8D11-00A0C91BC942}") = "VB2014_ExecuteUnmap5", "VB2014_ExecuteUnmap5\VB2014_ExecuteUnmap5.vcxproj", "{B55AAEB9-3F95-46A8-ABEE-F2F97F8F21F0}"
EndProject
Project("{8BC9CEB8-8B4A-11D0-8D11-00A0C91BC942}") = "VB2014_FpuContext1", "VB2014_FpuContext1\VB2014_FpuContext1.vcxproj", "{26DEA2FF-664F-4A8F-9C42-4EF22EA1B3E4}"
EndProject
Project("{8BC9CEB8-8B4A-11D0-8D11-00A0C91BC942}") = "VB2014_FpuContext2", "VB2014_FpuContext2\VB2014_FpuContext2.vcxproj", "{2C8823AC-0AC9-4C79-9646-8E40D08B92EF}"
EndProject
Project("{8BC9CEB8-8B4A-11D0-8D11-00A0C91BC942}") = "VB2014_ServiceException1", "VB2014_ServiceException1\VB2014_ServiceException1.vcxproj", "{E40D20F2-5E9C-4E5F-BC9D-6FE040ABFBC4}"
EndProject
Project("{8BC9CEB8-8B4A-11D0-8D11-00A0C91BC942}") = "VB2014_TransientException1", "VB2014_TransientException1\VB2014_TransientException1.vcxproj", "{A95F9805-BD36-417B-9A03-0202EF3A892A}"
EndProject
Project("{8BC9CEB8-8B4A-11D0-8D11-00A0C91BC942}") = "VB2014_TransientException2", "VB2014_TransientException2\VB2014_TransientException2.vcxproj", "{8583FE4C-6FDB-4ADC-90F4-32FDC1441559}"
EndProject
Project("{8BC9CEB8-8B4A-11D0-8D11-00A0C91BC942}") = "sok-fpu", "sok-fpu\sok-fpu.vcxproj", "{5E3CCBA9-DFB0-4C90-B55E-DC04914706AA}"
EndProject
Project("{8BC9CEB8-8B4A-11D0-8D11-00A0C91BC942}") = "sok-pageguard", "sok-pageguard\sok-pageguard.vcxproj", "{F6799E10-B4D2-4D63-83BD-662B328EBA5D}"
EndProject
Project("{8BC9CEB8-8B4A-11D0-8D11-00A0C91BC942}") = "sok-pageguard_accross", "sok-pageguard_accross\sok-pageguard_accross.vcxproj", "{F6D84288-0D2F-40CF-9E1E-9465BD250D0B}"
EndProject
Project("{8BC9CEB8-8B4A-11D0-8D11-00A0C91BC942}") = "sok-readcc", "sok-readcc\sok-readcc.vcxproj", "{B6D43005-E565-4BB8-9E6B-17099ECCF428}"
EndProject
Project("{8BC9CEB8-8B4A-11D0-8D11-00A0C91BC942}") = "Transit_x64", "Transit_x64\Transit_x64.vcxproj", "{C58F8626-87F7-4EF5-8E82-3A4723539C5C}"
EndProject
Project("{8BC9CEB8-8B4A-11D0-8D11-00A0C91BC942}") = "APICalls_IncreaseDBI_cache", "APICalls_IncreaseDBI_cache\APICalls_IncreaseDBI_cache.vcxproj", "{4F2C5DAB-DC26-4CB6-AF42-335856288D58}"
EndProject
Project("{8BC9CEB8-8B4A-11D0-8D11-00A0C91BC942}") = "FileHandles", "FileHandles\FileHandles.vcxproj", "{DD88DC33-1765-4692-9E98-7F54E5E1E753}"
EndProject
Project("{8BC9CEB8-8B4A-11D0-8D11-00A0C91BC942}") = "SectionHandles", "SectionHandles\SectionHandles.vcxproj", "{71906061-E1D7-41AC-A679-4435F88E381E}"
EndProject
Global
	GlobalSection(SolutionConfigurationPlatforms) = preSolution
		Debug|x64 = Debug|x64
		Debug|x86 = Debug|x86
		Release|x64 = Release|x64
		Release|x86 = Release|x86
	EndGlobalSection
	GlobalSection(ProjectConfigurationPlatforms) = postSolution
		{B455A0B6-55DD-45A0-A5D5-0589EC734732}.Debug|x64.ActiveCfg = Debug|x64
		{B455A0B6-55DD-45A0-A5D5-0589EC734732}.Debug|x64.Build.0 = Debug|x64
		{B455A0B6-55DD-45A0-A5D5-0589EC734732}.Debug|x86.ActiveCfg = Debug|Win32
		{B455A0B6-55DD-45A0-A5D5-0589EC734732}.Debug|x86.Build.0 = Debug|Win32
		{B455A0B6-55DD-45A0-A5D5-0589EC734732}.Release|x64.ActiveCfg = Release|x64
		{B455A0B6-55DD-45A0-A5D5-0589EC734732}.Release|x64.Build.0 = Release|x64
		{B455A0B6-55DD-45A0-A5D5-0589EC734732}.Release|x86.ActiveCfg = Release|Win32
		{B455A0B6-55DD-45A0-A5D5-0589EC734732}.Release|x86.Build.0 = Release|Win32
		{A84AB932-D3FD-45E8-80F4-FF77BCC2372B}.Debug|x64.ActiveCfg = Debug|x64
		{A84AB932-D3FD-45E8-80F4-FF77BCC2372B}.Debug|x64.Build.0 = Debug|x64
		{A84AB932-D3FD-45E8-80F4-FF77BCC2372B}.Debug|x86.ActiveCfg = Debug|Win32
		{A84AB932-D3FD-45E8-80F4-FF77BCC2372B}.Debug|x86.Build.0 = Debug|Win32
		{A84AB932-D3FD-45E8-80F4-FF77BCC2372B}.Release|x64.ActiveCfg = Release|x64
		{A84AB932-D3FD-45E8-80F4-FF77BCC2372B}.Release|x64.Build.0 = Release|x64
		{A84AB932-D3FD-45E8-80F4-FF77BCC2372B}.Release|x86.ActiveCfg = Release|Win32
		{A84AB932-D3FD-45E8-80F4-FF77BCC2372B}.Release|x86.Build.0 = Release|Win32
		{77D6BF84-EF29-4188-A187-38312218B877}.Debug|x64.ActiveCfg = Debug|x64
		{77D6BF84-EF29-4188-A187-38312218B877}.Debug|x64.Build.0 = Debug|x64
		{77D6BF84-EF29-4188-A187-38312218B877}.Debug|x86.ActiveCfg = Debug|Win32
		{77D6BF84-EF29-4188-A187-38312218B877}.Debug|x86.Build.0 = Debug|Win32
		{77D6BF84-EF29-4188-A187-38312218B877}.Release|x64.ActiveCfg = Release|x64
		{77D6BF84-EF29-4188-A187-38312218B877}.Release|x64.Build.0 = Release|x64
		{77D6BF84-EF29-4188-A187-38312218B877}.Release|x86.ActiveCfg = Release|Win32
		{77D6BF84-EF29-4188-A187-38312218B877}.Release|x86.Build.0 = Release|Win32
		{9B72212B-5219-445A-970F-505C59F47571}.Debug|x64.ActiveCfg = Debug|x64
		{9B72212B-5219-445A-970F-505C59F47571}.Debug|x64.Build.0 = Debug|x64
		{9B72212B-5219-445A-970F-505C59F47571}.Debug|x86.ActiveCfg = Debug|Win32
		{9B72212B-5219-445A-970F-505C59F47571}.Debug|x86.Build.0 = Debug|Win32
		{9B72212B-5219-445A-970F-505C59F47571}.Release|x64.ActiveCfg = Release|x64
		{9B72212B-5219-445A-970F-505C59F47571}.Release|x64.Build.0 = Release|x64
		{9B72212B-5219-445A-970F-505C59F47571}.Release|x86.ActiveCfg = Release|Win32
		{9B72212B-5219-445A-970F-505C59F47571}.Release|x86.Build.0 = Release|Win32
		{3A2D2695-7A89-4B4D-BCC1-D2F6125DD19F}.Debug|x64.ActiveCfg = Debug|x64
		{3A2D2695-7A89-4B4D-BCC1-D2F6125DD19F}.Debug|x64.Build.0 = Debug|x64
		{3A2D2695-7A89-4B4D-BCC1-D2F6125DD19F}.Debug|x86.ActiveCfg = Debug|Win32
		{3A2D2695-7A89-4B4D-BCC1-D2F6125DD19F}.Debug|x86.Build.0 = Debug|Win32
		{3A2D2695-7A89-4B4D-BCC1-D2F6125DD19F}.Release|x64.ActiveCfg = Release|x64
		{3A2D2695-7A89-4B4D-BCC1-D2F6125DD19F}.Release|x64.Build.0 = Release|x64
		{3A2D2695-7A89-4B4D-BCC1-D2F6125DD19F}.Release|x86.ActiveCfg = Release|Win32
		{3A2D2695-7A89-4B4D-BCC1-D2F6125DD19F}.Release|x86.Build.0 = Release|Win32
		{39F6F343-D554-4B25-9ABB-3C5514E343FC}.Debug|x64.ActiveCfg = Debug|x64
		{39F6F343-D554-4B25-9ABB-3C5514E343FC}.Debug|x64.Build.0 = Debug|x64
		{39F6F343-D554-4B25-9ABB-3C5514E343FC}.Debug|x86.ActiveCfg = Debug|Win32
		{39F6F343-D554-4B25-9ABB-3C5514E343FC}.Debug|x86.Build.0 = Debug|Win32
		{39F6F343-D554-4B25-9ABB-3C5514E343FC}.Release|x64.ActiveCfg = Release|x64
		{39F6F343-D554-4B25-9ABB-3C5514E343FC}.Release|x64.Build.0 = Release|x64
		{39F6F343-D554-4B25-9ABB-3C5514E343FC}.Release|x86.ActiveCfg = Release|Win32
		{39F6F343-D554-4B25-9ABB-3C5514E343FC}.Release|x86.Build.0 = Release|Win32
		{80D22D4F-A72A-47D7-AD6D-AEC86ECFF185}.Debug|x64.ActiveCfg = Debug|x64
		{80D22D4F-A72A-47D7-AD6D-AEC86ECFF185}.Debug|x64.Build.0 = Debug|x64
		{80D22D4F-A72A-47D7-AD6D-AEC86ECFF185}.Debug|x86.ActiveCfg = Debug|Win32
		{80D22D4F-A72A-47D7-AD6D-AEC86ECFF185}.Debug|x86.Build.0 = Debug|Win32
		{80D22D4F-A72A-47D7-AD6D-AEC86ECFF185}.Release|x64.ActiveCfg = Release|x64
		{80D22D4F-A72A-47D7-AD6D-AEC86ECFF185}.Release|x64.Build.0 = Release|x64
		{80D22D4F-A72A-47D7-AD6D-AEC86ECFF185}.Release|x86.ActiveCfg = Release|Win32
		{80D22D4F-A72A-47D7-AD6D-AEC86ECFF185}.Release|x86.Build.0 = Release|Win32
		{5F0B79BB-CE1B-46A2-94F2-3A22565D02E8}.Debug|x64.ActiveCfg = Debug|x64
		{5F0B79BB-CE1B-46A2-94F2-3A22565D02E8}.Debug|x64.Build.0 = Debug|x64
		{5F0B79BB-CE1B-46A2-94F2-3A22565D02E8}.Debug|x86.ActiveCfg = Debug|Win32
		{5F0B79BB-CE1B-46A2-94F2-3A22565D02E8}.Debug|x86.Build.0 = Debug|Win32
		{5F0B79BB-CE1B-46A2-94F2-3A22565D02E8}.Release|x64.ActiveCfg = Release|x64
		{5F0B79BB-CE1B-46A2-94F2-3A22565D02E8}.Release|x64.Build.0 = Release|x64
		{5F0B79BB-CE1B-46A2-94F2-3A22565D02E8}.Release|x86.ActiveCfg = Release|Win32
		{5F0B79BB-CE1B-46A2-94F2-3A22565D02E8}.Release|x86.Build.0 = Release|Win32
		{B5E7F615-60BA-4918-9467-D7AE8F58FBC2}.Debug|x64.ActiveCfg = Debug|x64
		{B5E7F615-60BA-4918-9467-D7AE8F58FBC2}.Debug|x64.Build.0 = Debug|x64
		{B5E7F615-60BA-4918-9467-D7AE8F58FBC2}.Debug|x86.ActiveCfg = Debug|Win32
		{B5E7F615-60BA-4918-9467-D7AE8F58FBC2}.Debug|x86.Build.0 = Debug|Win32
		{B5E7F615-60BA-4918-9467-D7AE8F58FBC2}.Release|x64.ActiveCfg = Release|x64
		{B5E7F615-60BA-4918-9467-D7AE8F58FBC2}.Release|x64.Build.0 = Release|x64
		{B5E7F615-60BA-4918-9467-D7AE8F58FBC2}.Release|x86.ActiveCfg = Release|Win32
		{B5E7F615-60BA-4918-9467-D7AE8F58FBC2}.Release|x86.Build.0 = Release|Win32
		{F804EC88-6491-455A-B65D-0B11DFA07722}.Debug|x64.ActiveCfg = Debug|x64
		{F804EC88-6491-455A-B65D-0B11DFA07722}.Debug|x64.Build.0 = Debug|x64
		{F804EC88-6491-455A-B65D-0B11DFA07722}.Debug|x86.ActiveCfg = Debug|Win32
		{F804EC88-6491-455A-B65D-0B11DFA07722}.Debug|x86.Build.0 = Debug|Win32
		{F804EC88-6491-455A-B65D-0B11DFA07722}.Release|x64.ActiveCfg = Release|x64
		{F804EC88-6491-455A-B65D-0B11DFA07722}.Release|x64.Build.0 = Release|x64
		{F804EC88-6491-455A-B65D-0B11DFA07722}.Release|x86.ActiveCfg = Release|Win32
		{F804EC88-6491-455A-B65D-0B11DFA07722}.Release|x86.Build.0 = Release|Win32
		{683BCAD3-BD98-422B-BE28-60E5F7754669}.Debug|x64.ActiveCfg = Debug|x64
		{683BCAD3-BD98-422B-BE28-60E5F7754669}.Debug|x64.Build.0 = Debug|x64
		{683BCAD3-BD98-422B-BE28-60E5F7754669}.Debug|x86.ActiveCfg = Debug|Win32
		{683BCAD3-BD98-422B-BE28-60E5F7754669}.Debug|x86.Build.0 = Debug|Win32
		{683BCAD3-BD98-422B-BE28-60E5F7754669}.Release|x64.ActiveCfg = Release|x64
		{683BCAD3-BD98-422B-BE28-60E5F7754669}.Release|x64.Build.0 = Release|x64
		{683BCAD3-BD98-422B-BE28-60E5F7754669}.Release|x86.ActiveCfg = Release|Win32
		{683BCAD3-BD98-422B-BE28-60E5F7754669}.Release|x86.Build.0 = Release|Win32
		{4E172F5C-29A3-4513-A17A-18CC5A36B5FF}.Debug|x64.ActiveCfg = Debug|x64
		{4E172F5C-29A3-4513-A17A-18CC5A36B5FF}.Debug|x64.Build.0 = Debug|x64
		{4E172F5C-29A3-4513-A17A-18CC5A36B5FF}.Debug|x86.ActiveCfg = Debug|Win32
		{4E172F5C-29A3-4513-A17A-18CC5A36B5FF}.Debug|x86.Build.0 = Debug|Win32
		{4E172F5C-29A3-4513-A17A-18CC5A36B5FF}.Release|x64.ActiveCfg = Release|x64
		{4E172F5C-29A3-4513-A17A-18CC5A36B5FF}.Release|x64.Build.0 = Release|x64
		{4E172F5C-29A3-4513-A17A-18CC5A36B5FF}.Release|x86.ActiveCfg = Release|Win32
		{4E172F5C-29A3-4513-A17A-18CC5A36B5FF}.Release|x86.Build.0 = Release|Win32
		{6CEE2838-D6F5-4BEB-BE9E-5F4C9A3C2C98}.Debug|x64.ActiveCfg = Debug|x64
		{6CEE2838-D6F5-4BEB-BE9E-5F4C9A3C2C98}.Debug|x64.Build.0 = Debug|x64
		{6CEE2838-D6F5-4BEB-BE9E-5F4C9A3C2C98}.Debug|x86.ActiveCfg = Debug|Win32
		{6CEE2838-D6F5-4BEB-BE9E-5F4C9A3C2C98}.Debug|x86.Build.0 = Debug|Win32
		{6CEE2838-D6F5-4BEB-BE9E-5F4C9A3C2C98}.Release|x64.ActiveCfg = Release|x64
		{6CEE2838-D6F5-4BEB-BE9E-5F4C9A3C2C98}.Release|x64.Build.0 = Release|x64
		{6CEE2838-D6F5-4BEB-BE9E-5F4C9A3C2C98}.Release|x86.ActiveCfg = Release|Win32
		{6CEE2838-D6F5-4BEB-BE9E-5F4C9A3C2C98}.Release|x86.Build.0 = Release|Win32
		{8CBDA801-A22E-47B5-9DC2-4CB567BB733A}.Debug|x64.ActiveCfg = Debug|x64
		{8CBDA801-A22E-47B5-9DC2-4CB567BB733A}.Debug|x64.Build.0 = Debug|x64
		{8CBDA801-A22E-47B5-9DC2-4CB567BB733A}.Debug|x86.ActiveCfg = Debug|Win32
		{8CBDA801-A22E-47B5-9DC2-4CB567BB733A}.Debug|x86.Build.0 = Debug|Win32
		{8CBDA801-A22E-47B5-9DC2-4CB567BB733A}.Release|x64.ActiveCfg = Release|x64
		{8CBDA801-A22E-47B5-9DC2-4CB567BB733A}.Release|x64.Build.0 = Release|x64
		{8CBDA801-A22E-47B5-9DC2-4CB567BB733A}.Release|x86.ActiveCfg = Release|Win32
		{8CBDA801-A22E-47B5-9DC2-4CB567BB733A}.Release|x86.Build.0 = Release|Win32
		{9FB614B0-E539-4CF1-BB8F-4D5660BAAB43}.Debug|x64.ActiveCfg = Debug|x64
		{9FB614B0-E539-4CF1-BB8F-4D5660BAAB43}.Debug|x64.Build.0 = Debug|x64
		{9FB614B0-E539-4CF1-BB8F-4D5660BAAB43}.Debug|x86.ActiveCfg = Debug|Win32
		{9FB614B0-E539-4CF1-BB8F-4D5660BAAB43}.Debug|x86.Build.0 = Debug|Win32
		{9FB614B0-E539-4CF1-BB8F-4D5660BAAB43}.Release|x64.ActiveCfg = Release|x64
		{9FB614B0-E539-4CF1-BB8F-4D5660BAAB43}.Release|x64.Build.0 = Release|x64
		{9FB614B0-E539-4CF1-BB8F-4D5660BAAB43}.Release|x86.ActiveCfg = Release|Win32
		{9FB614B0-E539-4CF1-BB8F-4D5660BAAB43}.Release|x86.Build.0 = Release|Win32
		{21ADF96C-D75C-4735-BFE6-5ECF539C33E0}.Debug|x64.ActiveCfg = Debug|x64
		{21ADF96C-D75C-4735-BFE6-5ECF539C33E0}.Debug|x64.Build.0 = Debug|x64
		{21ADF96C-D75C-4735-BFE6-5ECF539C33E0}.Debug|x86.ActiveCfg = Debug|Win32
		{21ADF96C-D75C-4735-BFE6-5ECF539C33E0}.Debug|x86.Build.0 = Debug|Win32
		{21ADF96C-D75C-4735-BFE6-5ECF539C33E0}.Release|x64.ActiveCfg = Release|x64
		{21ADF96C-D75C-4735-BFE6-5ECF539C33E0}.Release|x64.Build.0 = Release|x64
		{21ADF96C-D75C-4735-BFE6-5ECF539C33E0}.Release|x86.ActiveCfg = Release|Win32
		{21ADF96C-D75C-4735-BFE6-5ECF539C33E0}.Release|x86.Build.0 = Release|Win32
		{B68E7067-C9FD-48B7-B723-18B793AAC220}.Debug|x64.ActiveCfg = Debug|x64
		{B68E7067-C9FD-48B7-B723-18B793AAC220}.Debug|x64.Build.0 = Debug|x64
		{B68E7067-C9FD-48B7-B723-18B793AAC220}.Debug|x86.ActiveCfg = Debug|Win32
		{B68E7067-C9FD-48B7-B723-18B793AAC220}.Debug|x86.Build.0 = Debug|Win32
		{B68E7067-C9FD-48B7-B723-18B793AAC220}.Release|x64.ActiveCfg = Release|x64
		{B68E7067-C9FD-48B7-B723-18B793AAC220}.Release|x64.Build.0 = Release|x64
		{B68E7067-C9FD-48B7-B723-18B793AAC220}.Release|x86.ActiveCfg = Release|Win32
		{B68E7067-C9FD-48B7-B723-18B793AAC220}.Release|x86.Build.0 = Release|Win32
		{249C1160-86AB-453F-A032-C291829D6D42}.Debug|x64.ActiveCfg = Debug|x64
		{249C1160-86AB-453F-A032-C291829D6D42}.Debug|x64.Build.0 = Debug|x64
		{249C1160-86AB-453F-A032-C291829D6D42}.Debug|x86.ActiveCfg = Debug|Win32
		{249C1160-86AB-453F-A032-C291829D6D42}.Debug|x86.Build.0 = Debug|Win32
		{249C1160-86AB-453F-A032-C291829D6D42}.Release|x64.ActiveCfg = Release|x64
		{249C1160-86AB-453F-A032-C291829D6D42}.Release|x64.Build.0 = Release|x64
		{249C1160-86AB-453F-A032-C291829D6D42}.Release|x86.ActiveCfg = Release|Win32
		{249C1160-86AB-453F-A032-C291829D6D42}.Release|x86.Build.0 = Release|Win32
		{7C6BD0D6-B851-447C-A5F6-FF55FF5F65FD}.Debug|x64.ActiveCfg = Debug|x64
		{7C6BD0D6-B851-447C-A5F6-FF55FF5F65FD}.Debug|x64.Build.0 = Debug|x64
		{7C6BD0D6-B851-447C-A5F6-FF55FF5F65FD}.Debug|x86.ActiveCfg = Debug|Win32
		{7C6BD0D6-B851-447C-A5F6-FF55FF5F65FD}.Debug|x86.Build.0 = Debug|Win32
		{7C6BD0D6-B851-447C-A5F6-FF55FF5F65FD}.Release|x64.ActiveCfg = Release|x64
		{7C6BD0D6-B851-447C-A5F6-FF55FF5F65FD}.Release|x64.Build.0 = Release|x64
		{7C6BD0D6-B851-447C-A5F6-FF55FF5F65FD}.Release|x86.ActiveCfg = Release|Win32
		{7C6BD0D6-B851-447C-A5F6-FF55FF5F65FD}.Release|x86.Build.0 = Release|Win32
		{8636C509-E1EA-4282-B903-8DF584B38B99}.Debug|x64.ActiveCfg = Debug|x64
		{8636C509-E1EA-4282-B903-8DF584B38B99}.Debug|x64.Build.0 = Debug|x64
		{8636C509-E1EA-4282-B903-8DF584B38B99}.Debug|x86.ActiveCfg = Debug|Win32
		{8636C509-E1EA-4282-B903-8DF584B38B99}.Debug|x86.Build.0 = Debug|Win32
		{8636C509-E1EA-4282-B903-8DF584B38B99}.Release|x64.ActiveCfg = Release|x64
		{8636C509-E1EA-4282-B903-8DF584B38B99}.Release|x64.Build.0 = Release|x64
		{8636C509-E1EA-4282-B903-8DF584B38B99}.Release|x86.ActiveCfg = Release|Win32
		{8636C509-E1EA-4282-B903-8DF584B38B99}.Release|x86.Build.0 = Release|Win32
		{87214D25-6916-44F1-B0D1-C130604E0C32}.Debug|x64.ActiveCfg = Debug|x64
		{87214D25-6916-44F1-B0D1-C130604E0C32}.Debug|x64.Build.0 = Debug|x64
		{87214D25-6916-44F1-B0D1-C130604E0C32}.Debug|x86.ActiveCfg = Debug|Win32
		{87214D25-6916-44F1-B0D1-C130604E0C32}.Debug|x86.Build.0 = Debug|Win32
		{87214D25-6916-44F1-B0D1-C130604E0C32}.Release|x64.ActiveCfg = Release|x64
		{87214D25-6916-44F1-B0D1-C130604E0C32}.Release|x64.Build.0 = Release|x64
		{87214D25-6916-44F1-B0D1-C130604E0C32}.Release|x86.ActiveCfg = Release|Win32
		{87214D25-6916-44F1-B0D1-C130604E0C32}.Release|x86.Build.0 = Release|Win32
		{6A0FF343-D1EF-4643-8AA8-209AB61E7CC9}.Debug|x64.ActiveCfg = Debug|x64
		{6A0FF343-D1EF-4643-8AA8-209AB61E7CC9}.Debug|x64.Build.0 = Debug|x64
		{6A0FF343-D1EF-4643-8AA8-209AB61E7CC9}.Debug|x86.ActiveCfg = Debug|Win32
		{6A0FF343-D1EF-4643-8AA8-209AB61E7CC9}.Debug|x86.Build.0 = Debug|Win32
		{6A0FF343-D1EF-4643-8AA8-209AB61E7CC9}.Release|x64.ActiveCfg = Release|x64
		{6A0FF343-D1EF-4643-8AA8-209AB61E7CC9}.Release|x64.Build.0 = Release|x64
		{6A0FF343-D1EF-4643-8AA8-209AB61E7CC9}.Release|x86.ActiveCfg = Release|Win32
		{6A0FF343-D1EF-4643-8AA8-209AB61E7CC9}.Release|x86.Build.0 = Release|Win32
		{BC073EC7-D809-4E36-B7DE-51FA8889F605}.Debug|x64.ActiveCfg = Debug|x64
		{BC073EC7-D809-4E36-B7DE-51FA8889F605}.Debug|x64.Build.0 = Debug|x64
		{BC073EC7-D809-4E36-B7DE-51FA8889F605}.Debug|x86.ActiveCfg = Debug|Win32
		{BC073EC7-D809-4E36-B7DE-51FA8889F605}.Debug|x86.Build.0 = Debug|Win32
		{BC073EC7-D809-4E36-B7DE-51FA8889F605}.Release|x64.ActiveCfg = Release|x64
		{BC073EC7-D809-4E36-B7DE-51FA8889F605}.Release|x64.Build.0 = Release|x64
		{BC073EC7-D809-4E36-B7DE-51FA8889F605}.Release|x86.ActiveCfg = Release|Win32
		{BC073EC7-D809-4E36-B7DE-51FA8889F605}.Release|x86.Build.0 = Release|Win32
		{9B9979CD-A758-4FB6-AB43-D357BBA4D8FA}.Debug|x64.ActiveCfg = Debug|x64
		{9B9979CD-A758-4FB6-AB43-D357BBA4D8FA}.Debug|x64.Build.0 = Debug|x64
		{9B9979CD-A758-4FB6-AB43-D357BBA4D8FA}.Debug|x86.ActiveCfg = Debug|Win32
		{9B9979CD-A758-4FB6-AB43-D357BBA4D8FA}.Debug|x86.Build.0 = Debug|Win32
		{9B9979CD-A758-4FB6-AB43-D357BBA4D8FA}.Release|x64.ActiveCfg = Release|x64
		{9B9979CD-A758-4FB6-AB43-D357BBA4D8FA}.Release|x64.Build.0 = Release|x64
		{9B9979CD-A758-4FB6-AB43-D357BBA4D8FA}.Release|x86.ActiveCfg = Release|Win32
		{9B9979CD-A758-4FB6-AB43-D357BBA4D8FA}.Release|x86.Build.0 = Release|Win32
		{C55BDF23-C2B6-43EA-A72A-84291A117C81}.Debug|x64.ActiveCfg = Debug|x64
		{C55BDF23-C2B6-43EA-A72A-84291A117C81}.Debug|x64.Build.0 = Debug|x64
		{C55BDF23-C2B6-43EA-A72A-84291A117C81}.Debug|x86.ActiveCfg = Debug|Win32
		{C55BDF23-C2B6-43EA-A72A-84291A117C81}.Debug|x86.Build.0 = Debug|Win32
		{C55BDF23-C2B6-43EA-A72A-84291A117C81}.Release|x64.ActiveCfg = Release|x64
		{C55BDF23-C2B6-43EA-A72A-84291A117C81}.Release|x64.Build.0 = Release|x64
		{C55BDF23-C2B6-43EA-A72A-84291A117C81}.Release|x86.ActiveCfg = Release|Win32
		{C55BDF23-C2B6-43EA-A72A-84291A117C81}.Release|x86.Build.0 = Release|Win32
		{15F7B809-C5BD-4B73-A2CD-1EC4E3C02834}.Debug|x64.ActiveCfg = Debug|x64
		{15F7B809-C5BD-4B73-A2CD-1EC4E3C02834}.Debug|x64.Build.0 = Debug|x64
		{15F7B809-C5BD-4B73-A2CD-1EC4E3C02834}.Debug|x86.ActiveCfg = Debug|Win32
		{15F7B809-C5BD-4B73-A2CD-1EC4E3C02834}.Debug|x86.Build.0 = Debug|Win32
		{15F7B809-C5BD-4B73-A2CD-1EC4E3C02834}.Release|x64.ActiveCfg = Release|x64
		{15F7B809-C5BD-4B73-A2CD-1EC4E3C02834}.Release|x64.Build.0 = Release|x64
		{15F7B809-C5BD-4B73-A2CD-1EC4E3C02834}.Release|x86.ActiveCfg = Release|Win32
		{15F7B809-C5BD-4B73-A2CD-1EC4E3C02834}.Release|x86.Build.0 = Release|Win32
		{D1F80E24-6806-40E5-BB52-D34551EF0B10}.Debug|x64.ActiveCfg = Debug|x64
		{D1F80E24-6806-40E5-BB52-D34551EF0B10}.Debug|x64.Build.0 = Debug|x64
		{D1F80E24-6806-40E5-BB52-D34551EF0B10}.Debug|x86.ActiveCfg = Debug|Win32
		{D1F80E24-6806-40E5-BB52-D34551EF0B10}.Debug|x86.Build.0 = Debug|Win32
		{D1F80E24-6806-40E5-BB52-D34551EF0B10}.Release|x64.ActiveCfg = Release|x64
		{D1F80E24-6806-40E5-BB52-D34551EF0B10}.Release|x64.Build.0 = Release|x64
		{D1F80E24-6806-40E5-BB52-D34551EF0B10}.Release|x86.ActiveCfg = Release|Win32
		{D1F80E24-6806-40E5-BB52-D34551EF0B10}.Release|x86.Build.0 = Release|Win32
		{6C1F4DA0-F81A-4F64-92B5-05AB6146B786}.Debug|x64.ActiveCfg = Debug|x64
		{6C1F4DA0-F81A-4F64-92B5-05AB6146B786}.Debug|x64.Build.0 = Debug|x64
		{6C1F4DA0-F81A-4F64-92B5-05AB6146B786}.Debug|x86.ActiveCfg = Debug|Win32
		{6C1F4DA0-F81A-4F64-92B5-05AB6146B786}.Debug|x86.Build.0 = Debug|Win32
		{6C1F4DA0-F81A-4F64-92B5-05AB6146B786}.Release|x64.ActiveCfg = Release|x64
		{6C1F4DA0-F81A-4F64-92B5-05AB6146B786}.Release|x64.Build.0 = Release|x64
		{6C1F4DA0-F81A-4F64-92B5-05AB6146B786}.Release|x86.ActiveCfg = Release|Win32
		{6C1F4DA0-F81A-4F64-92B5-05AB6146B786}.Release|x86.Build.0 = Release|Win32
		{5D6FAC61-A718-43D5-8635-1AFAF54EB459}.Debug|x64.ActiveCfg = Debug|x64
		{5D6FAC61-A718-43D5-8635-1AFAF54EB459}.Debug|x64.Build.0 = Debug|x64
		{5D6FAC61-A718-43D5-8635-1AFAF54EB459}.Debug|x86.ActiveCfg = Debug|Win32
		{5D6FAC61-A718-43D5-8635-1AFAF54EB459}.Debug|x86.Build.0 = Debug|Win32
		{5D6FAC61-A718-43D5-8635-1AFAF54EB459}.Release|x64.ActiveCfg = Release|x64
		{5D6FAC61-A718-43D5-8635-1AFAF54EB459}.Release|x64.Build.0 = Release|x64
		{5D6FAC61-A718-43D5-8635-1AFAF54EB459}.Release|x86.ActiveCfg = Release|Win32
		{5D6FAC61-A718-43D5-8635-1AFAF54EB459}.Release|x86.Build.0 = Release|Win32
		{49FCCCD8-E179-4D1B-811E-525E3BAD73B0}.Debug|x64.ActiveCfg = Debug|x64
		{49FCCCD8-E179-4D1B-811E-525E3BAD73B0}.Debug|x64.Build.0 = Debug|x64
		{49FCCCD8-E179-4D1B-811E-525E3BAD73B0}.Debug|x86.ActiveCfg = Debug|Win32
		{49FCCCD8-E179-4D1B-811E-525E3BAD73B0}.Debug|x86.Build.0 = Debug|Win32
		{49FCCCD8-E179-4D1B-811E-525E3BAD73B0}.Release|x64.ActiveCfg = Release|x64
		{49FCCCD8-E179-4D1B-811E-525E3BAD73B0}.Release|x64.Build.0 = Release|x64
		{49FCCCD8-E179-4D1B-811E-525E3BAD73B0}.Release|x86.ActiveCfg = Release|Win32
		{49FCCCD8-E179-4D1B-811E-525E3BAD73B0}.Release|x86.Build.0 = Release|Win32
		{220F87F9-B008-47AF-920E-131797A03E47}.Debug|x64.ActiveCfg = Debug|x64
		{220F87F9-B008-47AF-920E-131797A03E47}.Debug|x64.Build.0 = Debug|x64
		{220F87F9-B008-47AF-920E-131797A03E47}.Debug|x86.ActiveCfg = Debug|Win32
		{220F87F9-B008-47AF-920E-131797A03E47}.Debug|x86.Build.0 = Debug|Win32
		{220F87F9-B008-47AF-920E-131797A03E47}.Release|x64.ActiveCfg = Release|x64
		{220F87F9-B008-47AF-920E-131797A03E47}.Release|x64.Build.0 = Release|x64
		{220F87F9-B008-47AF-920E-131797A03E47}.Release|x86.ActiveCfg = Release|Win32
		{220F87F9-B008-47AF-920E-131797A03E47}.Release|x86.Build.0 = Release|Win32
		{96B8485E-B255-466F-8AA5-33C4A663BBF5}.Debug|x64.ActiveCfg = Debug|x64
		{96B8485E-B255-466F-8AA5-33C4A663BBF5}.Debug|x64.Build.0 = Debug|x64
		{96B8485E-B255-466F-8AA5-33C4A663BBF5}.Debug|x86.ActiveCfg = Debug|Win32
		{96B8485E-B255-466F-8AA5-33C4A663BBF5}.Debug|x86.Build.0 = Debug|Win32
		{96B8485E-B255-466F-8AA5-33C4A663BBF5}.Release|x64.ActiveCfg = Release|x64
		{96B8485E-B255-466F-8AA5-33C4A663BBF5}.Release|x64.Build.0 = Release|x64
		{96B8485E-B255-466F-8AA5-33C4A663BBF5}.Release|x86.ActiveCfg = Release|Win32
		{96B8485E-B255-466F-8AA5-33C4A663BBF5}.Release|x86.Build.0 = Release|Win32
		{1A0FF35C-B485-4561-9C84-C28FB5AD3534}.Debug|x64.ActiveCfg = Debug|x64
		{1A0FF35C-B485-4561-9C84-C28FB5AD3534}.Debug|x64.Build.0 = Debug|x64
		{1A0FF35C-B485-4561-9C84-C28FB5AD3534}.Debug|x86.ActiveCfg = Debug|Win32
		{1A0FF35C-B485-4561-9C84-C28FB5AD3534}.Debug|x86.Build.0 = Debug|Win32
		{1A0FF35C-B485-4561-9C84-C28FB5AD3534}.Release|x64.ActiveCfg = Release|x64
		{1A0FF35C-B485-4561-9C84-C28FB5AD3534}.Release|x64.Build.0 = Release|x64
		{1A0FF35C-B485-4561-9C84-C28FB5AD3534}.Release|x86.ActiveCfg = Release|Win32
		{1A0FF35C-B485-4561-9C84-C28FB5AD3534}.Release|x86.Build.0 = Release|Win32
		{14FC5D06-AF95-41D7-AD19-F7F06DD4FEEC}.Debug|x64.ActiveCfg = Debug|x64
		{14FC5D06-AF95-41D7-AD19-F7F06DD4FEEC}.Debug|x64.Build.0 = Debug|x64
		{14FC5D06-AF95-41D7-AD19-F7F06DD4FEEC}.Debug|x86.ActiveCfg = Debug|Win32
		{14FC5D06-AF95-41D7-AD19-F7F06DD4FEEC}.Debug|x86.Build.0 = Debug|Win32
		{14FC5D06-AF95-41D7-AD19-F7F06DD4FEEC}.Release|x64.ActiveCfg = Release|x64
		{14FC5D06-AF95-41D7-AD19-F7F06DD4FEEC}.Release|x64.Build.0 = Release|x64
		{14FC5D06-AF95-41D7-AD19-F7F06DD4FEEC}.Release|x86.ActiveCfg = Release|Win32
		{14FC5D06-AF95-41D7-AD19-F7F06DD4FEEC}.Release|x86.Build.0 = Release|Win32
		{73AB6948-4890-46E7-894D-DC925CBFB0B5}.Debug|x64.ActiveCfg = Debug|x64
		{73AB6948-4890-46E7-894D-DC925CBFB0B5}.Debug|x64.Build.0 = Debug|x64
		{73AB6948-4890-46E7-894D-DC925CBFB0B5}.Debug|x86.ActiveCfg = Debug|Win32
		{73AB6948-4890-46E7-894D-DC925CBFB0B5}.Debug|x86.Build.0 = Debug|Win32
		{73AB6948-4890-46E7-894D-DC925CBFB0B5}.Release|x64.ActiveCfg = Release|x64
		{73AB6948-4890-46E7-894D-DC925CBFB0B5}.Release|x64.Build.0 = Release|x64
		{73AB6948-4890-46E7-894D-DC925CBFB0B5}.Release|x86.ActiveCfg = Release|Win32
		{73AB6948-4890-46E7-894D-DC925CBFB0B5}.Release|x86.Build.0 = Release|Win32
		{AFF3316F-46F4-46C6-914C-E4563F17A521}.Debug|x64.ActiveCfg = Debug|x64
		{AFF3316F-46F4-46C6-914C-E4563F17A521}.Debug|x64.Build.0 = Debug|x64
		{AFF3316F-46F4-46C6-914C-E4563F17A521}.Debug|x86.ActiveCfg = Debug|Win32
		{AFF3316F-46F4-46C6-914C-E4563F17A521}.Debug|x86.Build.0 = Debug|Win32
		{AFF3316F-46F4-46C6-914C-E4563F17A521}.Release|x64.ActiveCfg = Release|x64
		{AFF3316F-46F4-46C6-914C-E4563F17A521}.Release|x64.Build.0 = Release|x64
		{AFF3316F-46F4-46C6-914C-E4563F17A521}.Release|x86.ActiveCfg = Release|Win32
		{AFF3316F-46F4-46C6-914C-E4563F17A521}.Release|x86.Build.0 = Release|Win32
		{1C629CA1-1E35-470F-B6C1-1D157BC0852B}.Debug|x64.ActiveCfg = Debug|x64
		{1C629CA1-1E35-470F-B6C1-1D157BC0852B}.Debug|x64.Build.0 = Debug|x64
		{1C629CA1-1E35-470F-B6C1-1D157BC0852B}.Debug|x86.ActiveCfg = Debug|Win32
		{1C629CA1-1E35-470F-B6C1-1D157BC0852B}.Debug|x86.Build.0 = Debug|Win32
		{1C629CA1-1E35-470F-B6C1-1D157BC0852B}.Release|x64.ActiveCfg = Release|x64
		{1C629CA1-1E35-470F-B6C1-1D157BC0852B}.Release|x64.Build.0 = Release|x64
		{1C629CA1-1E35-470F-B6C1-1D157BC0852B}.Release|x86.ActiveCfg = Release|Win32
		{1C629CA1-1E35-470F-B6C1-1D157BC0852B}.Release|x86.Build.0 = Release|Win32
		{8760102A-4597-4B28-AF7A-EA9042AA7C06}.Debug|x64.ActiveCfg = Debug|x64
		{8760102A-4597-4B28-AF7A-EA9042AA7C06}.Debug|x64.Build.0 = Debug|x64
		{8760102A-4597-4B28-AF7A-EA9042AA7C06}.Debug|x86.ActiveCfg = Debug|Win32
		{8760102A-4597-4B28-AF7A-EA9042AA7C06}.Debug|x86.Build.0 = Debug|Win32
		{8760102A-4597-4B28-AF7A-EA9042AA7C06}.Release|x64.ActiveCfg = Release|x64
		{8760102A-4597-4B28-AF7A-EA9042AA7C06}.Release|x64.Build.0 = Release|x64
		{8760102A-4597-4B28-AF7A-EA9042AA7C06}.Release|x86.ActiveCfg = Release|Win32
		{8760102A-4597-4B28-AF7A-EA9042AA7C06}.Release|x86.Build.0 = Release|Win32
		{D27C7193-A557-4C2E-9567-6D920898927B}.Debug|x64.ActiveCfg = Debug|x64
		{D27C7193-A557-4C2E-9567-6D920898927B}.Debug|x64.Build.0 = Debug|x64
		{D27C7193-A557-4C2E-9567-6D920898927B}.Debug|x86.ActiveCfg = Debug|Win32
		{D27C7193-A557-4C2E-9567-6D920898927B}.Debug|x86.Build.0 = Debug|Win32
		{D27C7193-A557-4C2E-9567-6D920898927B}.Release|x64.ActiveCfg = Release|x64
		{D27C7193-A557-4C2E-9567-6D920898927B}.Release|x64.Build.0 = Release|x64
		{D27C7193-A557-4C2E-9567-6D920898927B}.Release|x86.ActiveCfg = Release|Win32
		{D27C7193-A557-4C2E-9567-6D920898927B}.Release|x86.Build.0 = Release|Win32
		{85A8C74F-9831-48E8-81C2-8D521980B012}.Debug|x64.ActiveCfg = Debug|x64
		{85A8C74F-9831-48E8-81C2-8D521980B012}.Debug|x64.Build.0 = Debug|x64
		{85A8C74F-9831-48E8-81C2-8D521980B012}.Debug|x86.ActiveCfg = Debug|Win32
		{85A8C74F-9831-48E8-81C2-8D521980B012}.Debug|x86.Build.0 = Debug|Win32
		{85A8C74F-9831-48E8-81C2-8D521980B012}.Release|x64.ActiveCfg = Release|x64
		{85A8C74F-9831-48E8-81C2-8D521980B012}.Release|x64.Build.0 = Release|x64
		{85A8C74F-9831-48E8-81C2-8D521980B012}.Release|x86.ActiveCfg = Release|Win32
		{85A8C74F-9831-48E8-81C2-8D521980B012}.Release|x86.Build.0 = Release|Win32
		{AEB4A04A-263A-4FA8-A800-580F8AE9835D}.Debug|x64.ActiveCfg = Debug|x64
		{AEB4A04A-263A-4FA8-A800-580F8AE9835D}.Debug|x64.Build.0 = Debug|x64
		{AEB4A04A-263A-4FA8-A800-580F8AE9835D}.Debug|x86.ActiveCfg = Debug|Win32
		{AEB4A04A-263A-4FA8-A800-580F8AE9835D}.Debug|x86.Build.0 = Debug|Win32
		{AEB4A04A-263A-4FA8-A800-580F8AE9835D}.Release|x64.ActiveCfg = Release|x64
		{AEB4A04A-263A-4FA8-A800-580F8AE9835D}.Release|x64.Build.0 = Release|x64
		{AEB4A04A-263A-4FA8-A800-580F8AE9835D}.Release|x86.ActiveCfg = Release|Win32
		{AEB4A04A-263A-4FA8-A800-580F8AE9835D}.Release|x86.Build.0 = Release|Win32
		{A205F8B6-109F-4E5F-8AC4-0C237DD25E57}.Debug|x64.ActiveCfg = Debug|x64
		{A205F8B6-109F-4E5F-8AC4-0C237DD25E57}.Debug|x64.Build.0 = Debug|x64
		{A205F8B6-109F-4E5F-8AC4-0C237DD25E57}.Debug|x86.ActiveCfg = Debug|Win32
		{A205F8B6-109F-4E5F-8AC4-0C237DD25E57}.Debug|x86.Build.0 = Debug|Win32
		{A205F8B6-109F-4E5F-8AC4-0C237DD25E57}.Release|x64.ActiveCfg = Release|x64
		{A205F8B6-109F-4E5F-8AC4-0C237DD25E57}.Release|x64.Build.0 = Release|x64
		{A205F8B6-109F-4E5F-8AC4-0C237DD25E57}.Release|x86.ActiveCfg = Release|Win32
		{A205F8B6-109F-4E5F-8AC4-0C237DD25E57}.Release|x86.Build.0 = Release|Win32
		{8F9086E9-07F5-41BD-9925-F0042629CD58}.Debug|x64.ActiveCfg = Debug|x64
		{8F9086E9-07F5-41BD-9925-F0042629CD58}.Debug|x64.Build.0 = Debug|x64
		{8F9086E9-07F5-41BD-9925-F0042629CD58}.Debug|x86.ActiveCfg = Debug|Win32
		{8F9086E9-07F5-41BD-9925-F0042629CD58}.Debug|x86.Build.0 = Debug|Win32
		{8F9086E9-07F5-41BD-9925-F0042629CD58}.Release|x64.ActiveCfg = Release|x64
		{8F9086E9-07F5-41BD-9925-F0042629CD58}.Release|x64.Build.0 = Release|x64
		{8F9086E9-07F5-41BD-9925-F0042629CD58}.Release|x86.ActiveCfg = Release|Win32
		{8F9086E9-07F5-41BD-9925-F0042629CD58}.Release|x86.Build.0 = Release|Win32
		{B55AAEB9-3F95-46A8-ABEE-F2F97F8F21F0}.Debug|x64.ActiveCfg = Debug|x64
		{B55AAEB9-3F95-46A8-ABEE-F2F97F8F21F0}.Debug|x64.Build.0 = Debug|x64
		{B55AAEB9-3F95-46A8-ABEE-F2F97F8F21F0}.Debug|x86.ActiveCfg = Debug|Win32
		{B55AAEB9-3F95-46A8-ABEE-F2F97F8F21F0}.Debug|x86.Build.0 = Debug|Win32
		{B55AAEB9-3F95-46A8-ABEE-F2F97F8F21F0}.Release|x64.ActiveCfg = Release|x64
		{B55AAEB9-3F95-46A8-ABEE-F2F97F8F21F0}.Release|x64.Build.0 = Release|x64
		{B55AAEB9-3F95-46A8-ABEE-F2F97F8F21F0}.Release|x86.ActiveCfg = Release|Win32
		{B55AAEB9-3F95-46A8-ABEE-F2F97F8F21F0}.Release|x86.Build.0 = Release|Win32
		{26DEA2FF-664F-4A8F-9C42-4EF22EA1B3E4}.Debug|x64.ActiveCfg = Debug|x64
		{26DEA2FF-664F-4A8F-9C42-4EF22EA1B3E4}.Debug|x64.Build.0 = Debug|x64
		{26DEA2FF-664F-4A8F-9C42-4EF22EA1B3E4}.Debug|x86.ActiveCfg = Debug|Win32
		{26DEA2FF-664F-4A8F-9C42-4EF22EA1B3E4}.Debug|x86.Build.0 = Debug|Win32
		{26DEA2FF-664F-4A8F-9C42-4EF22EA1B3E4}.Release|x64.ActiveCfg = Release|x64
		{26DEA2FF-664F-4A8F-9C42-4EF22EA1B3E4}.Release|x64.Build.0 = Release|x64
		{26DEA2FF-664F-4A8F-9C42-4EF22EA1B3E4}.Release|x86.ActiveCfg = Release|Win32
		{26DEA2FF-664F-4A8F-9C42-4EF22EA1B3E4}.Release|x86.Build.0 = Release|Win32
		{2C8823AC-0AC9-4C79-9646-8E40D08B92EF}.Debug|x64.ActiveCfg = Debug|x64
		{2C8823AC-0AC9-4C79-9646-8E40D08B92EF}.Debug|x64.Build.0 = Debug|x64
		{2C8823AC-0AC9-4C79-9646-8E40D08B92EF}.Debug|x86.ActiveCfg = Debug|Win32
		{2C8823AC-0AC9-4C79-9646-8E40D08B92EF}.Debug|x86.Build.0 = Debug|Win32
		{2C8823AC-0AC9-4C79-9646-8E40D08B92EF}.Release|x64.ActiveCfg = Release|x64
		{2C8823AC-0AC9-4C79-9646-8E40D08B92EF}.Release|x64.Build.0 = Release|x64
		{2C8823AC-0AC9-4C79-9646-8E40D08B92EF}.Release|x86.ActiveCfg = Release|Win32
		{2C8823AC-0AC9-4C79-9646-8E40D08B92EF}.Release|x86.Build.0 = Release|Win32
		{E40D20F2-5E9C-4E5F-BC9D-6FE040ABFBC4}.Debug|x64.ActiveCfg = Debug|x64
		{E40D20F2-5E9C-4E5F-BC9D-6FE040ABFBC4}.Debug|x64.Build.0 = Debug|x64
		{E40D20F2-5E9C-4E5F-BC9D-6FE040ABFBC4}.Debug|x86.ActiveCfg = Debug|Win32
		{E40D20F2-5E9C-4E5F-BC9D-6FE040ABFBC4}.Debug|x86.Build.0 = Debug|Win32
		{E40D20F2-5E9C-4E5F-BC9D-6FE040ABFBC4}.Release|x64.ActiveCfg = Release|x64
		{E40D20F2-5E9C-4E5F-BC9D-6FE040ABFBC4}.Release|x64.Build.0 = Release|x64
		{E40D20F2-5E9C-4E5F-BC9D-6FE040ABFBC4}.Release|x86.ActiveCfg = Release|Win32
		{E40D20F2-5E9C-4E5F-BC9D-6FE040ABFBC4}.Release|x86.Build.0 = Release|Win32
		{A95F9805-BD36-417B-9A03-0202EF3A892A}.Debug|x64.ActiveCfg = Debug|x64
		{A95F9805-BD36-417B-9A03-0202EF3A892A}.Debug|x64.Build.0 = Debug|x64
		{A95F9805-BD36-417B-9A03-0202EF3A892A}.Debug|x86.ActiveCfg = Debug|Win32
		{A95F9805-BD36-417B-9A03-0202EF3A892A}.Debug|x86.Build.0 = Debug|Win32
		{A95F9805-BD36-417B-9A03-0202EF3A892A}.Release|x64.ActiveCfg = Release|x64
		{A95F9805-BD36-417B-9A03-0202EF3A892A}.Release|x64.Build.0 = Release|x64
		{A95F9805-BD36-417B-9A03-0202EF3A892A}.Release|x86.ActiveCfg = Release|Win32
		{A95F9805-BD36-417B-9A03-0202EF3A892A}.Release|x86.Build.0 = Release|Win32
		{8583FE4C-6FDB-4ADC-90F4-32FDC1441559}.Debug|x64.ActiveCfg = Debug|x64
		{8583FE4C-6FDB-4ADC-90F4-32FDC1441559}.Debug|x64.Build.0 = Debug|x64
		{8583FE4C-6FDB-4ADC-90F4-32FDC1441559}.Debug|x86.ActiveCfg = Debug|Win32
		{8583FE4C-6FDB-4ADC-90F4-32FDC1441559}.Debug|x86.Build.0 = Debug|Win32
		{8583FE4C-6FDB-4ADC-90F4-32FDC1441559}.Release|x64.ActiveCfg = Release|x64
		{8583FE4C-6FDB-4ADC-90F4-32FDC1441559}.Release|x64.Build.0 = Release|x64
		{8583FE4C-6FDB-4ADC-90F4-32FDC1441559}.Release|x86.ActiveCfg = Release|Win32
		{8583FE4C-6FDB-4ADC-90F4-32FDC1441559}.Release|x86.Build.0 = Release|Win32
		{5E3CCBA9-DFB0-4C90-B55E-DC04914706AA}.Debug|x64.ActiveCfg = Debug|x64
		{5E3CCBA9-DFB0-4C90-B55E-DC04914706AA}.Debug|x64.Build.0 = Debug|x64
		{5E3CCBA9-DFB0-4C90-B55E-DC04914706AA}.Debug|x86.ActiveCfg = Debug|Win32
		{5E3CCBA9-DFB0-4C90-B55E-DC04914706AA}.Debug|x86.Build.0 = Debug|Win32
		{5E3CCBA9-DFB0-4C90-B55E-DC04914706AA}.Release|x64.ActiveCfg = Release|x64
		{5E3CCBA9-DFB0-4C90-B55E-DC04914706AA}.Release|x64.Build.0 = Release|x64
		{5E3CCBA9-DFB0-4C90-B55E-DC04914706AA}.Release|x86.ActiveCfg = Release|Win32
		{5E3CCBA9-DFB0-4C90-B55E-DC04914706AA}.Release|x86.Build.0 = Release|Win32
		{F6799E10-B4D2-4D63-83BD-662B328EBA5D}.Debug|x64.ActiveCfg = Debug|x64
		{F6799E10-B4D2-4D63-83BD-662B328EBA5D}.Debug|x64.Build.0 = Debug|x64
		{F6799E10-B4D2-4D63-83BD-662B328EBA5D}.Debug|x86.ActiveCfg = Debug|Win32
		{F6799E10-B4D2-4D63-83BD-662B328EBA5D}.Debug|x86.Build.0 = Debug|Win32
		{F6799E10-B4D2-4D63-83BD-662B328EBA5D}.Release|x64.ActiveCfg = Release|x64
		{F6799E10-B4D2-4D63-83BD-662B328EBA5D}.Release|x64.Build.0 = Release|x64
		{F6799E10-B4D2-4D63-83BD-662B328EBA5D}.Release|x86.ActiveCfg = Release|Win32
		{F6799E10-B4D2-4D63-83BD-662B328EBA5D}.Release|x86.Build.0 = Release|Win32
		{F6D84288-0D2F-40CF-9E1E-9465BD250D0B}.Debug|x64.ActiveCfg = Debug|x64
		{F6D84288-0D2F-40CF-9E1E-9465BD250D0B}.Debug|x64.Build.0 = Debug|x64
		{F6D84288-0D2F-40CF-9E1E-9465BD250D0B}.Debug|x86.ActiveCfg = Debug|Win32
		{F6D84288-0D2F-40CF-9E1E-9465BD250D0B}.Debug|x86.Build.0 = Debug|Win32
		{F6D84288-0D2F-40CF-9E1E-9465BD250D0B}.Release|x64.ActiveCfg = Release|x64
		{F6D84288-0D2F-40CF-9E1E-9465BD250D0B}.Release|x64.Build.0 = Release|x64
		{F6D84288-0D2F-40CF-9E1E-9465BD250D0B}.Release|x86.ActiveCfg = Release|Win32
		{F6D84288-0D2F-40CF-9E1E-9465BD250D0B}.Release|x86.Build.0 = Release|Win32
		{B6D43005-E565-4BB8-9E6B-17099ECCF428}.Debug|x64.ActiveCfg = Debug|x64
		{B6D43005-E565-4BB8-9E6B-17099ECCF428}.Debug|x64.Build.0 = Debug|x64
		{B6D43005-E565-4BB8-9E6B-17099ECCF428}.Debug|x86.ActiveCfg = Debug|Win32
		{B6D43005-E565-4BB8-9E6B-17099ECCF428}.Debug|x86.Build.0 = Debug|Win32
		{B6D43005-E565-4BB8-9E6B-17099ECCF428}.Release|x64.ActiveCfg = Release|x64
		{B6D43005-E565-4BB8-9E6B-17099ECCF428}.Release|x64.Build.0 = Release|x64
		{B6D43005-E565-4BB8-9E6B-17099ECCF428}.Release|x86.ActiveCfg = Release|Win32
		{B6D43005-E565-4BB8-9E6B-17099ECCF428}.Release|x86.Build.0 = Release|Win32
		{C58F8626-87F7-4EF5-8E82-3A4723539C5C}.Debug|x64.ActiveCfg = Debug|x64
		{C58F8626-87F7-4EF5-8E82-3A4723539C5C}.Debug|x64.Build.0 = Debug|x64
		{C58F8626-87F7-4EF5-8E82-3A4723539C5C}.Debug|x86.ActiveCfg = Debug|Win32
		{C58F8626-87F7-4EF5-8E82-3A4723539C5C}.Debug|x86.Build.0 = Debug|Win32
		{C58F8626-87F7-4EF5-8E82-3A4723539C5C}.Release|x64.ActiveCfg = Release|x64
		{C58F8626-87F7-4EF5-8E82-3A4723539C5C}.Release|x64.Build.0 = Release|x64
		{C58F8626-87F7-4EF5-8E82-3A4723539C5C}.Release|x86.ActiveCfg = Release|Win32
		{C58F8626-87F7-4EF5-8E82-3A4723539C5C}.Release|x86.Build.0 = Release|Win32
		{4F2C5DAB-DC26-4CB6-AF42-335856288D58}.Debug|x64.ActiveCfg = Debug|x64
		{4F2C5DAB-DC26-4CB6-AF42-335856288D58}.Debug|x64.Build.0 = Debug|x64
		{4F2C5DAB-DC26-4CB6-AF42-335856288D58}.Debug|x86.ActiveCfg = Debug|Win32
		{4F2C5DAB-DC26-4CB6-AF42-335856288D58}.Debug|x86.Build.0 = Debug|Win32
		{4F2C5DAB-DC26-4CB6-AF42-335856288D58}.Release|x64.ActiveCfg = Release|x64
		{4F2C5DAB-DC26-4CB6-AF42-335856288D58}.Release|x64.Build.0 = Release|x64
		{4F2C5DAB-DC26-4CB6-AF42-335856288D58}.Release|x86.ActiveCfg = Release|Win32
		{4F2C5DAB-DC26-4CB6-AF42-335856288D58}.Release|x86.Build.0 = Release|Win32
		{DD88DC33-1765-4692-9E98-7F54E5E1E753}.Debug|x64.ActiveCfg = Debug|x64
		{DD88DC33-1765-4692-9E98-7F54E5E1E753}.Debug|x64.Build.0 = Debug|x64
		{DD88DC33-1765-4692-9E98-7F54E5E1E753}.Debug|x86.ActiveCfg = Debug|Win32
		{DD88DC33-1765-4692-9E98-7F54E5E1E753}.Debug|x86.Build.0 = Debug|Win32
		{DD88DC33-1765-4692-9E98-7F54E5E1E753}.Release|x64.ActiveCfg = Release|x64
		{DD88DC33-1765-4692-9E98-7F54E5E1E753}.Release|x64.Build.0 = Release|x64
		{DD88DC33-1765-4692-9E98-7F54E5E1E753}.Release|x86.ActiveCfg = Release|Win32
		{DD88DC33-1765-4692-9E98-7F54E5E1E753}.Release|x86.Build.0 = Release|Win32
		{71906061-E1D7-41AC-A679-4435F88E381E}.Debug|x64.ActiveCfg = Debug|x64
		{71906061-E1D7-41AC-A679-4435F88E381E}.Debug|x64.Build.0 = Debug|x64
		{71906061-E1D7-41AC-A679-4435F88E381E}.Debug|x86.ActiveCfg = Debug|Win32
		{71906061-E1D7-41AC-A679-4435F88E381E}.Debug|x86.Build.0 = Debug|Win32
		{71906061-E1D7-41AC-A679-4435F88E381E}.Release|x64.ActiveCfg = Release|x64
		{71906061-E1D7-41AC-A679-4435F88E381E}.Release|x64.Build.0 = Release|x64
		{71906061-E1D7-41AC-A679-4435F88E381E}.Release|x86.ActiveCfg = Release|Win32
		{71906061-E1D7-41AC-A679-4435F88E381E}.Release|x86.Build.0 = Release|Win32
	EndGlobalSection
	GlobalSection(SolutionProperties) = preSolution
		HideSolutionNode = FALSE
	EndGlobalSection
	GlobalSection(ExtensibilityGlobals) = postSolution
		SolutionGuid = {48C32CA2-2D2D-4898-90EC-3E1C8B69AECC}
		                        SolutionGuid = {51B2FF18-10C6-4784-BCF9-548A862EE59B}
		                SolutionGuid = {23903B78-417F-442B-A9CE-D96FA2FE3AAB}
		        SolutionGuid = {9718C83A-30D4-4567-844F-11AF1AD50A9E}
	EndGlobalSection
EndGlobal
